// !$*UTF8*$!
{
	archiveVersion = 1;
	classes = {
	};
	objectVersion = 46;
	objects = {

/* Begin PBXBuildFile section */
		C303298E1F3A71820053C86E /* ExplorationViewController.swift in Sources */ = {isa = PBXBuildFile; fileRef = C303298D1F3A71820053C86E /* ExplorationViewController.swift */; };
		C30329931F3E53DA0053C86E /* TV static effect.mp4 in Resources */ = {isa = PBXBuildFile; fileRef = C30329921F3E53D90053C86E /* TV static effect.mp4 */; };
		C31997451F44BFFD0057C957 /* NumberPadView.swift in Sources */ = {isa = PBXBuildFile; fileRef = C31997441F44BFFD0057C957 /* NumberPadView.swift */; };
		C31997471F44E97F0057C957 /* NumberPadView.xib in Resources */ = {isa = PBXBuildFile; fileRef = C31997461F44E97F0057C957 /* NumberPadView.xib */; };
		C31997491F4735450057C957 /* number_pad.wav in Resources */ = {isa = PBXBuildFile; fileRef = C31997481F4735450057C957 /* number_pad.wav */; };
		C319974B1F4A35410057C957 /* CustomSegue.swift in Sources */ = {isa = PBXBuildFile; fileRef = C319974A1F4A35410057C957 /* CustomSegue.swift */; };
		C319974D1F4B35350057C957 /* CustomUnwindSegue.swift in Sources */ = {isa = PBXBuildFile; fileRef = C319974C1F4B35350057C957 /* CustomUnwindSegue.swift */; };
		C31BDF821F35F8500011AD8D /* venus rising rg.ttf in Resources */ = {isa = PBXBuildFile; fileRef = C31BDF811F35F8500011AD8D /* venus rising rg.ttf */; };
		C31BDF841F35F85F0011AD8D /* nasalization-rg.ttf in Resources */ = {isa = PBXBuildFile; fileRef = C31BDF831F35F85F0011AD8D /* nasalization-rg.ttf */; };
		C31BDF871F376B990011AD8D /* sputnik-beep.mp3 in Resources */ = {isa = PBXBuildFile; fileRef = C31BDF861F376B990011AD8D /* sputnik-beep.mp3 */; };
		C31BDF8A1F376BCC0011AD8D /* hawquindar.mp3 in Resources */ = {isa = PBXBuildFile; fileRef = C31BDF881F376BCC0011AD8D /* hawquindar.mp3 */; };
		C31BDF8B1F376BCC0011AD8D /* hskquindar.mp3 in Resources */ = {isa = PBXBuildFile; fileRef = C31BDF891F376BCC0011AD8D /* hskquindar.mp3 */; };
		C31BDF8D1F376C540011AD8D /* HomeViewController.swift in Sources */ = {isa = PBXBuildFile; fileRef = C31BDF8C1F376C540011AD8D /* HomeViewController.swift */; };
		C31BDF8F1F3777610011AD8D /* SciFiActivitySpinner.swift in Sources */ = {isa = PBXBuildFile; fileRef = C31BDF8E1F3777610011AD8D /* SciFiActivitySpinner.swift */; };
		C31BDF921F386E7B0011AD8D /* WebRequest.swift in Sources */ = {isa = PBXBuildFile; fileRef = C31BDF911F386E7B0011AD8D /* WebRequest.swift */; };
		C31BDF941F386EE80011AD8D /* SwiftyJSON.swift in Sources */ = {isa = PBXBuildFile; fileRef = C31BDF931F386EE80011AD8D /* SwiftyJSON.swift */; };
		C31BDF961F3891020011AD8D /* WebRequestTests.swift in Sources */ = {isa = PBXBuildFile; fileRef = C31BDF951F3891020011AD8D /* WebRequestTests.swift */; };
		C31BDF991F3898700011AD8D /* NASADataAPI.swift in Sources */ = {isa = PBXBuildFile; fileRef = C31BDF981F3898700011AD8D /* NASADataAPI.swift */; };
		C31BDF9C1F38C36A0011AD8D /* Models.swift in Sources */ = {isa = PBXBuildFile; fileRef = C31BDF9B1F38C36A0011AD8D /* Models.swift */; };
		C31BDF9E1F38CD1F0011AD8D /* NASADataAPITests.swift in Sources */ = {isa = PBXBuildFile; fileRef = C31BDF9D1F38CD1F0011AD8D /* NASADataAPITests.swift */; };
		C31BDFA01F38D2B20011AD8D /* Extensions.swift in Sources */ = {isa = PBXBuildFile; fileRef = C31BDF9F1F38D2B20011AD8D /* Extensions.swift */; };
		C31BDFA21F38D34F0011AD8D /* UIConstants.swift in Sources */ = {isa = PBXBuildFile; fileRef = C31BDFA11F38D34F0011AD8D /* UIConstants.swift */; };
		C31BDFA41F38D6A00011AD8D /* ui_select.mp3 in Resources */ = {isa = PBXBuildFile; fileRef = C31BDFA31F38D6A00011AD8D /* ui_select.mp3 */; };
		C31BDFA61F38D8630011AD8D /* film_static.wav in Resources */ = {isa = PBXBuildFile; fileRef = C31BDFA51F38D8630011AD8D /* film_static.wav */; };
		C31BDFA81F38D9CC0011AD8D /* space_ambience.wav in Resources */ = {isa = PBXBuildFile; fileRef = C31BDFA71F38D9CC0011AD8D /* space_ambience.wav */; };
		C382EDAD1F3A137E00F7899C /* ViewBuilder.swift in Sources */ = {isa = PBXBuildFile; fileRef = C382EDAC1F3A137E00F7899C /* ViewBuilder.swift */; };
		C382EDAF1F3A226500F7899C /* ViewAnimator.swift in Sources */ = {isa = PBXBuildFile; fileRef = C382EDAE1F3A226500F7899C /* ViewAnimator.swift */; };
		C382EDB31F3A3A0E00F7899C /* SoundEffectPlayer.swift in Sources */ = {isa = PBXBuildFile; fileRef = C382EDB21F3A3A0E00F7899C /* SoundEffectPlayer.swift */; };
		C39EEDEC1F34A53A00537227 /* AppDelegate.swift in Sources */ = {isa = PBXBuildFile; fileRef = C39EEDEB1F34A53A00537227 /* AppDelegate.swift */; };
		C39EEDF31F34A53A00537227 /* Main.storyboard in Resources */ = {isa = PBXBuildFile; fileRef = C39EEDF11F34A53A00537227 /* Main.storyboard */; };
		C39EEDF51F34A53A00537227 /* Assets.xcassets in Resources */ = {isa = PBXBuildFile; fileRef = C39EEDF41F34A53A00537227 /* Assets.xcassets */; };
		C39EEDF81F34A53A00537227 /* LaunchScreen.storyboard in Resources */ = {isa = PBXBuildFile; fileRef = C39EEDF61F34A53A00537227 /* LaunchScreen.storyboard */; };
		C39EEE0E1F34A53A00537227 /* Mars_ExplorerUITests.swift in Sources */ = {isa = PBXBuildFile; fileRef = C39EEE0D1F34A53A00537227 /* Mars_ExplorerUITests.swift */; };
/* End PBXBuildFile section */

/* Begin PBXContainerItemProxy section */
		C39EEDFF1F34A53A00537227 /* PBXContainerItemProxy */ = {
			isa = PBXContainerItemProxy;
			containerPortal = C39EEDE01F34A53A00537227 /* Project object */;
			proxyType = 1;
			remoteGlobalIDString = C39EEDE71F34A53A00537227;
			remoteInfo = "Mars Explorer";
		};
		C39EEE0A1F34A53A00537227 /* PBXContainerItemProxy */ = {
			isa = PBXContainerItemProxy;
			containerPortal = C39EEDE01F34A53A00537227 /* Project object */;
			proxyType = 1;
			remoteGlobalIDString = C39EEDE71F34A53A00537227;
			remoteInfo = "Mars Explorer";
		};
/* End PBXContainerItemProxy section */

/* Begin PBXFileReference section */
		C303298D1F3A71820053C86E /* ExplorationViewController.swift */ = {isa = PBXFileReference; fileEncoding = 4; lastKnownFileType = sourcecode.swift; name = ExplorationViewController.swift; path = Controller/ExplorationViewController.swift; sourceTree = "<group>"; };
		C30329921F3E53D90053C86E /* TV static effect.mp4 */ = {isa = PBXFileReference; lastKnownFileType = file; path = "TV static effect.mp4"; sourceTree = "<group>"; };
		C31997441F44BFFD0057C957 /* NumberPadView.swift */ = {isa = PBXFileReference; fileEncoding = 4; lastKnownFileType = sourcecode.swift; name = NumberPadView.swift; path = View/NumberPadView.swift; sourceTree = "<group>"; };
		C31997461F44E97F0057C957 /* NumberPadView.xib */ = {isa = PBXFileReference; fileEncoding = 4; lastKnownFileType = file.xib; name = NumberPadView.xib; path = View/NumberPadView.xib; sourceTree = "<group>"; };
		C31997481F4735450057C957 /* number_pad.wav */ = {isa = PBXFileReference; lastKnownFileType = audio.wav; path = number_pad.wav; sourceTree = "<group>"; };
		C319974A1F4A35410057C957 /* CustomSegue.swift */ = {isa = PBXFileReference; fileEncoding = 4; lastKnownFileType = sourcecode.swift; name = CustomSegue.swift; path = View/CustomSegue.swift; sourceTree = "<group>"; };
		C319974C1F4B35350057C957 /* CustomUnwindSegue.swift */ = {isa = PBXFileReference; fileEncoding = 4; lastKnownFileType = sourcecode.swift; name = CustomUnwindSegue.swift; path = View/CustomUnwindSegue.swift; sourceTree = "<group>"; };
		C31BDF811F35F8500011AD8D /* venus rising rg.ttf */ = {isa = PBXFileReference; lastKnownFileType = file; path = "venus rising rg.ttf"; sourceTree = "<group>"; };
		C31BDF831F35F85F0011AD8D /* nasalization-rg.ttf */ = {isa = PBXFileReference; lastKnownFileType = file; path = "nasalization-rg.ttf"; sourceTree = "<group>"; };
		C31BDF861F376B990011AD8D /* sputnik-beep.mp3 */ = {isa = PBXFileReference; lastKnownFileType = audio.mp3; path = "sputnik-beep.mp3"; sourceTree = "<group>"; };
		C31BDF881F376BCC0011AD8D /* hawquindar.mp3 */ = {isa = PBXFileReference; lastKnownFileType = audio.mp3; path = hawquindar.mp3; sourceTree = "<group>"; };
		C31BDF891F376BCC0011AD8D /* hskquindar.mp3 */ = {isa = PBXFileReference; lastKnownFileType = audio.mp3; path = hskquindar.mp3; sourceTree = "<group>"; };
		C31BDF8C1F376C540011AD8D /* HomeViewController.swift */ = {isa = PBXFileReference; fileEncoding = 4; lastKnownFileType = sourcecode.swift; name = HomeViewController.swift; path = Controller/HomeViewController.swift; sourceTree = "<group>"; };
		C31BDF8E1F3777610011AD8D /* SciFiActivitySpinner.swift */ = {isa = PBXFileReference; fileEncoding = 4; lastKnownFileType = sourcecode.swift; name = SciFiActivitySpinner.swift; path = View/SciFiActivitySpinner.swift; sourceTree = "<group>"; };
		C31BDF911F386E7B0011AD8D /* WebRequest.swift */ = {isa = PBXFileReference; fileEncoding = 4; lastKnownFileType = sourcecode.swift; name = WebRequest.swift; path = Utils/WebRequest.swift; sourceTree = "<group>"; };
		C31BDF931F386EE80011AD8D /* SwiftyJSON.swift */ = {isa = PBXFileReference; fileEncoding = 4; lastKnownFileType = sourcecode.swift; name = SwiftyJSON.swift; path = Utils/SwiftyJSON.swift; sourceTree = "<group>"; };
		C31BDF951F3891020011AD8D /* WebRequestTests.swift */ = {isa = PBXFileReference; fileEncoding = 4; lastKnownFileType = sourcecode.swift; path = WebRequestTests.swift; sourceTree = "<group>"; };
		C31BDF981F3898700011AD8D /* NASADataAPI.swift */ = {isa = PBXFileReference; fileEncoding = 4; lastKnownFileType = sourcecode.swift; name = NASADataAPI.swift; path = API/NASADataAPI.swift; sourceTree = "<group>"; };
		C31BDF9B1F38C36A0011AD8D /* Models.swift */ = {isa = PBXFileReference; fileEncoding = 4; lastKnownFileType = sourcecode.swift; name = Models.swift; path = Model/Models.swift; sourceTree = "<group>"; };
		C31BDF9D1F38CD1F0011AD8D /* NASADataAPITests.swift */ = {isa = PBXFileReference; fileEncoding = 4; lastKnownFileType = sourcecode.swift; path = NASADataAPITests.swift; sourceTree = "<group>"; };
		C31BDF9F1F38D2B20011AD8D /* Extensions.swift */ = {isa = PBXFileReference; fileEncoding = 4; lastKnownFileType = sourcecode.swift; name = Extensions.swift; path = Utils/Extensions.swift; sourceTree = "<group>"; };
		C31BDFA11F38D34F0011AD8D /* UIConstants.swift */ = {isa = PBXFileReference; fileEncoding = 4; lastKnownFileType = sourcecode.swift; name = UIConstants.swift; path = View/UIConstants.swift; sourceTree = "<group>"; };
		C31BDFA31F38D6A00011AD8D /* ui_select.mp3 */ = {isa = PBXFileReference; lastKnownFileType = audio.mp3; path = ui_select.mp3; sourceTree = "<group>"; };
		C31BDFA51F38D8630011AD8D /* film_static.wav */ = {isa = PBXFileReference; lastKnownFileType = audio.wav; path = film_static.wav; sourceTree = "<group>"; };
		C31BDFA71F38D9CC0011AD8D /* space_ambience.wav */ = {isa = PBXFileReference; lastKnownFileType = audio.wav; path = space_ambience.wav; sourceTree = "<group>"; };
		C382EDAC1F3A137E00F7899C /* ViewBuilder.swift */ = {isa = PBXFileReference; fileEncoding = 4; lastKnownFileType = sourcecode.swift; name = ViewBuilder.swift; path = View/ViewBuilder.swift; sourceTree = "<group>"; };
		C382EDAE1F3A226500F7899C /* ViewAnimator.swift */ = {isa = PBXFileReference; fileEncoding = 4; lastKnownFileType = sourcecode.swift; name = ViewAnimator.swift; path = View/ViewAnimator.swift; sourceTree = "<group>"; };
		C382EDB21F3A3A0E00F7899C /* SoundEffectPlayer.swift */ = {isa = PBXFileReference; fileEncoding = 4; lastKnownFileType = sourcecode.swift; name = SoundEffectPlayer.swift; path = Utils/SoundEffectPlayer.swift; sourceTree = "<group>"; };
		C39EEDE81F34A53A00537227 /* Mars Explorer.app */ = {isa = PBXFileReference; explicitFileType = wrapper.application; includeInIndex = 0; path = "Mars Explorer.app"; sourceTree = BUILT_PRODUCTS_DIR; };
		C39EEDEB1F34A53A00537227 /* AppDelegate.swift */ = {isa = PBXFileReference; lastKnownFileType = sourcecode.swift; path = AppDelegate.swift; sourceTree = "<group>"; };
		C39EEDF21F34A53A00537227 /* Base */ = {isa = PBXFileReference; lastKnownFileType = file.storyboard; name = Base; path = Base.lproj/Main.storyboard; sourceTree = "<group>"; };
		C39EEDF41F34A53A00537227 /* Assets.xcassets */ = {isa = PBXFileReference; lastKnownFileType = folder.assetcatalog; path = Assets.xcassets; sourceTree = "<group>"; };
		C39EEDF71F34A53A00537227 /* Base */ = {isa = PBXFileReference; lastKnownFileType = file.storyboard; name = Base; path = Base.lproj/LaunchScreen.storyboard; sourceTree = "<group>"; };
		C39EEDF91F34A53A00537227 /* Info.plist */ = {isa = PBXFileReference; lastKnownFileType = text.plist.xml; path = Info.plist; sourceTree = "<group>"; };
		C39EEDFE1F34A53A00537227 /* Mars ExplorerTests.xctest */ = {isa = PBXFileReference; explicitFileType = wrapper.cfbundle; includeInIndex = 0; path = "Mars ExplorerTests.xctest"; sourceTree = BUILT_PRODUCTS_DIR; };
		C39EEE041F34A53A00537227 /* Info.plist */ = {isa = PBXFileReference; lastKnownFileType = text.plist.xml; path = Info.plist; sourceTree = "<group>"; };
		C39EEE091F34A53A00537227 /* Mars ExplorerUITests.xctest */ = {isa = PBXFileReference; explicitFileType = wrapper.cfbundle; includeInIndex = 0; path = "Mars ExplorerUITests.xctest"; sourceTree = BUILT_PRODUCTS_DIR; };
		C39EEE0D1F34A53A00537227 /* Mars_ExplorerUITests.swift */ = {isa = PBXFileReference; lastKnownFileType = sourcecode.swift; path = Mars_ExplorerUITests.swift; sourceTree = "<group>"; };
		C39EEE0F1F34A53A00537227 /* Info.plist */ = {isa = PBXFileReference; lastKnownFileType = text.plist.xml; path = Info.plist; sourceTree = "<group>"; };
/* End PBXFileReference section */

/* Begin PBXFrameworksBuildPhase section */
		C39EEDE51F34A53A00537227 /* Frameworks */ = {
			isa = PBXFrameworksBuildPhase;
			buildActionMask = 2147483647;
			files = (
			);
			runOnlyForDeploymentPostprocessing = 0;
		};
		C39EEDFB1F34A53A00537227 /* Frameworks */ = {
			isa = PBXFrameworksBuildPhase;
			buildActionMask = 2147483647;
			files = (
			);
			runOnlyForDeploymentPostprocessing = 0;
		};
		C39EEE061F34A53A00537227 /* Frameworks */ = {
			isa = PBXFrameworksBuildPhase;
			buildActionMask = 2147483647;
			files = (
			);
			runOnlyForDeploymentPostprocessing = 0;
		};
/* End PBXFrameworksBuildPhase section */

/* Begin PBXGroup section */
		C30329911F3E53CF0053C86E /* Videos */ = {
			isa = PBXGroup;
			children = (
				C30329921F3E53D90053C86E /* TV static effect.mp4 */,
			);
			name = Videos;
			sourceTree = "<group>";
		};
		C31BDF801F35F83D0011AD8D /* Fonts */ = {
			isa = PBXGroup;
			children = (
				C31BDF831F35F85F0011AD8D /* nasalization-rg.ttf */,
				C31BDF811F35F8500011AD8D /* venus rising rg.ttf */,
			);
			name = Fonts;
			sourceTree = "<group>";
		};
		C31BDF851F376B8A0011AD8D /* Sounds */ = {
			isa = PBXGroup;
			children = (
				C31997481F4735450057C957 /* number_pad.wav */,
				C31BDFA71F38D9CC0011AD8D /* space_ambience.wav */,
				C31BDFA51F38D8630011AD8D /* film_static.wav */,
				C31BDFA31F38D6A00011AD8D /* ui_select.mp3 */,
				C31BDF881F376BCC0011AD8D /* hawquindar.mp3 */,
				C31BDF891F376BCC0011AD8D /* hskquindar.mp3 */,
				C31BDF861F376B990011AD8D /* sputnik-beep.mp3 */,
			);
			name = Sounds;
			sourceTree = "<group>";
		};
		C31BDF901F386E550011AD8D /* Utils */ = {
			isa = PBXGroup;
			children = (
				C31BDF911F386E7B0011AD8D /* WebRequest.swift */,
				C31BDF931F386EE80011AD8D /* SwiftyJSON.swift */,
				C31BDF9F1F38D2B20011AD8D /* Extensions.swift */,
				C382EDB21F3A3A0E00F7899C /* SoundEffectPlayer.swift */,
			);
			name = Utils;
			sourceTree = "<group>";
		};
		C31BDF971F3898470011AD8D /* API */ = {
			isa = PBXGroup;
			children = (
				C31BDF981F3898700011AD8D /* NASADataAPI.swift */,
			);
			name = API;
			sourceTree = "<group>";
		};
		C31BDF9A1F38C3580011AD8D /* Model */ = {
			isa = PBXGroup;
			children = (
				C31BDF9B1F38C36A0011AD8D /* Models.swift */,
			);
			name = Model;
			sourceTree = "<group>";
		};
		C39EEDDF1F34A53A00537227 = {
			isa = PBXGroup;
			children = (
				C39EEDEA1F34A53A00537227 /* Mars Explorer */,
				C39EEE011F34A53A00537227 /* Mars ExplorerTests */,
				C39EEE0C1F34A53A00537227 /* Mars ExplorerUITests */,
				C39EEDE91F34A53A00537227 /* Products */,
			);
			sourceTree = "<group>";
		};
		C39EEDE91F34A53A00537227 /* Products */ = {
			isa = PBXGroup;
			children = (
				C39EEDE81F34A53A00537227 /* Mars Explorer.app */,
				C39EEDFE1F34A53A00537227 /* Mars ExplorerTests.xctest */,
				C39EEE091F34A53A00537227 /* Mars ExplorerUITests.xctest */,
			);
			name = Products;
			sourceTree = "<group>";
		};
		C39EEDEA1F34A53A00537227 /* Mars Explorer */ = {
			isa = PBXGroup;
			children = (
				C31BDF9A1F38C3580011AD8D /* Model */,
				C31BDF971F3898470011AD8D /* API */,
				C31BDF901F386E550011AD8D /* Utils */,
				C39EEE1C1F34A56A00537227 /* View */,
				C39EEE1E1F34A58200537227 /* Controller */,
				C39EEE1D1F34A57200537227 /* Assets */,
				C39EEE1B1F34A55400537227 /* Supporting Files */,
			);
			path = "Mars Explorer";
			sourceTree = "<group>";
		};
		C39EEE011F34A53A00537227 /* Mars ExplorerTests */ = {
			isa = PBXGroup;
			children = (
				C39EEE041F34A53A00537227 /* Info.plist */,
				C31BDF951F3891020011AD8D /* WebRequestTests.swift */,
				C31BDF9D1F38CD1F0011AD8D /* NASADataAPITests.swift */,
			);
			path = "Mars ExplorerTests";
			sourceTree = "<group>";
		};
		C39EEE0C1F34A53A00537227 /* Mars ExplorerUITests */ = {
			isa = PBXGroup;
			children = (
				C39EEE0D1F34A53A00537227 /* Mars_ExplorerUITests.swift */,
				C39EEE0F1F34A53A00537227 /* Info.plist */,
			);
			path = "Mars ExplorerUITests";
			sourceTree = "<group>";
		};
		C39EEE1B1F34A55400537227 /* Supporting Files */ = {
			isa = PBXGroup;
			children = (
				C39EEDEB1F34A53A00537227 /* AppDelegate.swift */,
				C39EEDF91F34A53A00537227 /* Info.plist */,
			);
			name = "Supporting Files";
			sourceTree = "<group>";
		};
		C39EEE1C1F34A56A00537227 /* View */ = {
			isa = PBXGroup;
			children = (
				C31BDF8E1F3777610011AD8D /* SciFiActivitySpinner.swift */,
				C31BDFA11F38D34F0011AD8D /* UIConstants.swift */,
				C382EDAC1F3A137E00F7899C /* ViewBuilder.swift */,
				C382EDAE1F3A226500F7899C /* ViewAnimator.swift */,
				C31997441F44BFFD0057C957 /* NumberPadView.swift */,
				C31997461F44E97F0057C957 /* NumberPadView.xib */,
				C319974A1F4A35410057C957 /* CustomSegue.swift */,
				C319974C1F4B35350057C957 /* CustomUnwindSegue.swift */,
			);
			name = View;
			sourceTree = "<group>";
		};
		C39EEE1D1F34A57200537227 /* Assets */ = {
			isa = PBXGroup;
			children = (
				C30329911F3E53CF0053C86E /* Videos */,
				C31BDF851F376B8A0011AD8D /* Sounds */,
				C31BDF801F35F83D0011AD8D /* Fonts */,
				C39EEDF41F34A53A00537227 /* Assets.xcassets */,
				C39EEDF61F34A53A00537227 /* LaunchScreen.storyboard */,
				C39EEDF11F34A53A00537227 /* Main.storyboard */,
			);
			name = Assets;
			sourceTree = "<group>";
		};
		C39EEE1E1F34A58200537227 /* Controller */ = {
			isa = PBXGroup;
			children = (
				C31BDF8C1F376C540011AD8D /* HomeViewController.swift */,
				C303298D1F3A71820053C86E /* ExplorationViewController.swift */,
			);
			name = Controller;
			sourceTree = "<group>";
		};
/* End PBXGroup section */

/* Begin PBXNativeTarget section */
		C39EEDE71F34A53A00537227 /* Mars Explorer */ = {
			isa = PBXNativeTarget;
			buildConfigurationList = C39EEE121F34A53A00537227 /* Build configuration list for PBXNativeTarget "Mars Explorer" */;
			buildPhases = (
				C39EEDE41F34A53A00537227 /* Sources */,
				C39EEDE51F34A53A00537227 /* Frameworks */,
				C39EEDE61F34A53A00537227 /* Resources */,
			);
			buildRules = (
			);
			dependencies = (
			);
			name = "Mars Explorer";
			productName = "Mars Explorer";
			productReference = C39EEDE81F34A53A00537227 /* Mars Explorer.app */;
			productType = "com.apple.product-type.application";
		};
		C39EEDFD1F34A53A00537227 /* Mars ExplorerTests */ = {
			isa = PBXNativeTarget;
			buildConfigurationList = C39EEE151F34A53A00537227 /* Build configuration list for PBXNativeTarget "Mars ExplorerTests" */;
			buildPhases = (
				C39EEDFA1F34A53A00537227 /* Sources */,
				C39EEDFB1F34A53A00537227 /* Frameworks */,
				C39EEDFC1F34A53A00537227 /* Resources */,
			);
			buildRules = (
			);
			dependencies = (
				C39EEE001F34A53A00537227 /* PBXTargetDependency */,
			);
			name = "Mars ExplorerTests";
			productName = "Mars ExplorerTests";
			productReference = C39EEDFE1F34A53A00537227 /* Mars ExplorerTests.xctest */;
			productType = "com.apple.product-type.bundle.unit-test";
		};
		C39EEE081F34A53A00537227 /* Mars ExplorerUITests */ = {
			isa = PBXNativeTarget;
			buildConfigurationList = C39EEE181F34A53A00537227 /* Build configuration list for PBXNativeTarget "Mars ExplorerUITests" */;
			buildPhases = (
				C39EEE051F34A53A00537227 /* Sources */,
				C39EEE061F34A53A00537227 /* Frameworks */,
				C39EEE071F34A53A00537227 /* Resources */,
			);
			buildRules = (
			);
			dependencies = (
				C39EEE0B1F34A53A00537227 /* PBXTargetDependency */,
			);
			name = "Mars ExplorerUITests";
			productName = "Mars ExplorerUITests";
			productReference = C39EEE091F34A53A00537227 /* Mars ExplorerUITests.xctest */;
			productType = "com.apple.product-type.bundle.ui-testing";
		};
/* End PBXNativeTarget section */

/* Begin PBXProject section */
		C39EEDE01F34A53A00537227 /* Project object */ = {
			isa = PBXProject;
			attributes = {
				LastSwiftUpdateCheck = 0830;
				LastUpgradeCheck = 0830;
				ORGANIZATIONNAME = "Asad Ahmed";
				TargetAttributes = {
					C39EEDE71F34A53A00537227 = {
						CreatedOnToolsVersion = 8.3.3;
						DevelopmentTeam = KZN79N89H3;
						ProvisioningStyle = Automatic;
					};
					C39EEDFD1F34A53A00537227 = {
						CreatedOnToolsVersion = 8.3.3;
						DevelopmentTeam = KZN79N89H3;
						ProvisioningStyle = Automatic;
						TestTargetID = C39EEDE71F34A53A00537227;
					};
					C39EEE081F34A53A00537227 = {
						CreatedOnToolsVersion = 8.3.3;
						DevelopmentTeam = KZN79N89H3;
						ProvisioningStyle = Automatic;
						TestTargetID = C39EEDE71F34A53A00537227;
					};
				};
			};
			buildConfigurationList = C39EEDE31F34A53A00537227 /* Build configuration list for PBXProject "Mars Explorer" */;
			compatibilityVersion = "Xcode 3.2";
			developmentRegion = English;
			hasScannedForEncodings = 0;
			knownRegions = (
				en,
				Base,
			);
			mainGroup = C39EEDDF1F34A53A00537227;
			productRefGroup = C39EEDE91F34A53A00537227 /* Products */;
			projectDirPath = "";
			projectRoot = "";
			targets = (
				C39EEDE71F34A53A00537227 /* Mars Explorer */,
				C39EEDFD1F34A53A00537227 /* Mars ExplorerTests */,
				C39EEE081F34A53A00537227 /* Mars ExplorerUITests */,
			);
		};
/* End PBXProject section */

/* Begin PBXResourcesBuildPhase section */
		C39EEDE61F34A53A00537227 /* Resources */ = {
			isa = PBXResourcesBuildPhase;
			buildActionMask = 2147483647;
			files = (
				C39EEDF81F34A53A00537227 /* LaunchScreen.storyboard in Resources */,
				C31BDF821F35F8500011AD8D /* venus rising rg.ttf in Resources */,
				C30329931F3E53DA0053C86E /* TV static effect.mp4 in Resources */,
				C39EEDF51F34A53A00537227 /* Assets.xcassets in Resources */,
				C31997471F44E97F0057C957 /* NumberPadView.xib in Resources */,
				C31BDF8A1F376BCC0011AD8D /* hawquindar.mp3 in Resources */,
				C31BDF871F376B990011AD8D /* sputnik-beep.mp3 in Resources */,
				C31BDFA41F38D6A00011AD8D /* ui_select.mp3 in Resources */,
				C31BDFA81F38D9CC0011AD8D /* space_ambience.wav in Resources */,
				C31997491F4735450057C957 /* number_pad.wav in Resources */,
				C31BDF841F35F85F0011AD8D /* nasalization-rg.ttf in Resources */,
				C31BDF8B1F376BCC0011AD8D /* hskquindar.mp3 in Resources */,
				C31BDFA61F38D8630011AD8D /* film_static.wav in Resources */,
				C39EEDF31F34A53A00537227 /* Main.storyboard in Resources */,
			);
			runOnlyForDeploymentPostprocessing = 0;
		};
		C39EEDFC1F34A53A00537227 /* Resources */ = {
			isa = PBXResourcesBuildPhase;
			buildActionMask = 2147483647;
			files = (
			);
			runOnlyForDeploymentPostprocessing = 0;
		};
		C39EEE071F34A53A00537227 /* Resources */ = {
			isa = PBXResourcesBuildPhase;
			buildActionMask = 2147483647;
			files = (
			);
			runOnlyForDeploymentPostprocessing = 0;
		};
/* End PBXResourcesBuildPhase section */

/* Begin PBXSourcesBuildPhase section */
		C39EEDE41F34A53A00537227 /* Sources */ = {
			isa = PBXSourcesBuildPhase;
			buildActionMask = 2147483647;
			files = (
				C319974B1F4A35410057C957 /* CustomSegue.swift in Sources */,
				C319974D1F4B35350057C957 /* CustomUnwindSegue.swift in Sources */,
				C31BDF8F1F3777610011AD8D /* SciFiActivitySpinner.swift in Sources */,
				C39EEDEC1F34A53A00537227 /* AppDelegate.swift in Sources */,
				C31BDFA21F38D34F0011AD8D /* UIConstants.swift in Sources */,
				C31BDF921F386E7B0011AD8D /* WebRequest.swift in Sources */,
				C31BDFA01F38D2B20011AD8D /* Extensions.swift in Sources */,
				C382EDB31F3A3A0E00F7899C /* SoundEffectPlayer.swift in Sources */,
				C31997451F44BFFD0057C957 /* NumberPadView.swift in Sources */,
				C31BDF941F386EE80011AD8D /* SwiftyJSON.swift in Sources */,
				C31BDF8D1F376C540011AD8D /* HomeViewController.swift in Sources */,
				C382EDAF1F3A226500F7899C /* ViewAnimator.swift in Sources */,
				C31BDF991F3898700011AD8D /* NASADataAPI.swift in Sources */,
				C303298E1F3A71820053C86E /* ExplorationViewController.swift in Sources */,
				C382EDAD1F3A137E00F7899C /* ViewBuilder.swift in Sources */,
				C31BDF9C1F38C36A0011AD8D /* Models.swift in Sources */,
			);
			runOnlyForDeploymentPostprocessing = 0;
		};
		C39EEDFA1F34A53A00537227 /* Sources */ = {
			isa = PBXSourcesBuildPhase;
			buildActionMask = 2147483647;
			files = (
				C31BDF961F3891020011AD8D /* WebRequestTests.swift in Sources */,
				C31BDF9E1F38CD1F0011AD8D /* NASADataAPITests.swift in Sources */,
			);
			runOnlyForDeploymentPostprocessing = 0;
		};
		C39EEE051F34A53A00537227 /* Sources */ = {
			isa = PBXSourcesBuildPhase;
			buildActionMask = 2147483647;
			files = (
				C39EEE0E1F34A53A00537227 /* Mars_ExplorerUITests.swift in Sources */,
			);
			runOnlyForDeploymentPostprocessing = 0;
		};
/* End PBXSourcesBuildPhase section */

/* Begin PBXTargetDependency section */
		C39EEE001F34A53A00537227 /* PBXTargetDependency */ = {
			isa = PBXTargetDependency;
			target = C39EEDE71F34A53A00537227 /* Mars Explorer */;
			targetProxy = C39EEDFF1F34A53A00537227 /* PBXContainerItemProxy */;
		};
		C39EEE0B1F34A53A00537227 /* PBXTargetDependency */ = {
			isa = PBXTargetDependency;
			target = C39EEDE71F34A53A00537227 /* Mars Explorer */;
			targetProxy = C39EEE0A1F34A53A00537227 /* PBXContainerItemProxy */;
		};
/* End PBXTargetDependency section */

/* Begin PBXVariantGroup section */
		C39EEDF11F34A53A00537227 /* Main.storyboard */ = {
			isa = PBXVariantGroup;
			children = (
				C39EEDF21F34A53A00537227 /* Base */,
			);
			name = Main.storyboard;
			sourceTree = "<group>";
		};
		C39EEDF61F34A53A00537227 /* LaunchScreen.storyboard */ = {
			isa = PBXVariantGroup;
			children = (
				C39EEDF71F34A53A00537227 /* Base */,
			);
			name = LaunchScreen.storyboard;
			sourceTree = "<group>";
		};
/* End PBXVariantGroup section */

/* Begin XCBuildConfiguration section */
		C39EEE101F34A53A00537227 /* Debug */ = {
			isa = XCBuildConfiguration;
			buildSettings = {
				ALWAYS_SEARCH_USER_PATHS = NO;
				CLANG_ANALYZER_NONNULL = YES;
				CLANG_ANALYZER_NUMBER_OBJECT_CONVERSION = YES_AGGRESSIVE;
				CLANG_CXX_LANGUAGE_STANDARD = "gnu++0x";
				CLANG_CXX_LIBRARY = "libc++";
				CLANG_ENABLE_MODULES = YES;
				CLANG_ENABLE_OBJC_ARC = YES;
				CLANG_WARN_BOOL_CONVERSION = YES;
				CLANG_WARN_CONSTANT_CONVERSION = YES;
				CLANG_WARN_DIRECT_OBJC_ISA_USAGE = YES_ERROR;
				CLANG_WARN_DOCUMENTATION_COMMENTS = YES;
				CLANG_WARN_EMPTY_BODY = YES;
				CLANG_WARN_ENUM_CONVERSION = YES;
				CLANG_WARN_INFINITE_RECURSION = YES;
				CLANG_WARN_INT_CONVERSION = YES;
				CLANG_WARN_OBJC_ROOT_CLASS = YES_ERROR;
				CLANG_WARN_SUSPICIOUS_MOVE = YES;
				CLANG_WARN_UNREACHABLE_CODE = YES;
				CLANG_WARN__DUPLICATE_METHOD_MATCH = YES;
				"CODE_SIGN_IDENTITY[sdk=iphoneos*]" = "iPhone Developer";
				COPY_PHASE_STRIP = NO;
				DEBUG_INFORMATION_FORMAT = dwarf;
				ENABLE_STRICT_OBJC_MSGSEND = YES;
				ENABLE_TESTABILITY = YES;
				GCC_C_LANGUAGE_STANDARD = gnu99;
				GCC_DYNAMIC_NO_PIC = NO;
				GCC_NO_COMMON_BLOCKS = YES;
				GCC_OPTIMIZATION_LEVEL = 0;
				GCC_PREPROCESSOR_DEFINITIONS = (
					"DEBUG=1",
					"$(inherited)",
				);
				GCC_WARN_64_TO_32_BIT_CONVERSION = YES;
				GCC_WARN_ABOUT_RETURN_TYPE = YES_ERROR;
				GCC_WARN_UNDECLARED_SELECTOR = YES;
				GCC_WARN_UNINITIALIZED_AUTOS = YES_AGGRESSIVE;
				GCC_WARN_UNUSED_FUNCTION = YES;
				GCC_WARN_UNUSED_VARIABLE = YES;
				IPHONEOS_DEPLOYMENT_TARGET = 10.3;
				MTL_ENABLE_DEBUG_INFO = YES;
				ONLY_ACTIVE_ARCH = YES;
				SDKROOT = iphoneos;
				SWIFT_ACTIVE_COMPILATION_CONDITIONS = DEBUG;
				SWIFT_OPTIMIZATION_LEVEL = "-Onone";
				TARGETED_DEVICE_FAMILY = 2;
			};
			name = Debug;
		};
		C39EEE111F34A53A00537227 /* Release */ = {
			isa = XCBuildConfiguration;
			buildSettings = {
				ALWAYS_SEARCH_USER_PATHS = NO;
				CLANG_ANALYZER_NONNULL = YES;
				CLANG_ANALYZER_NUMBER_OBJECT_CONVERSION = YES_AGGRESSIVE;
				CLANG_CXX_LANGUAGE_STANDARD = "gnu++0x";
				CLANG_CXX_LIBRARY = "libc++";
				CLANG_ENABLE_MODULES = YES;
				CLANG_ENABLE_OBJC_ARC = YES;
				CLANG_WARN_BOOL_CONVERSION = YES;
				CLANG_WARN_CONSTANT_CONVERSION = YES;
				CLANG_WARN_DIRECT_OBJC_ISA_USAGE = YES_ERROR;
				CLANG_WARN_DOCUMENTATION_COMMENTS = YES;
				CLANG_WARN_EMPTY_BODY = YES;
				CLANG_WARN_ENUM_CONVERSION = YES;
				CLANG_WARN_INFINITE_RECURSION = YES;
				CLANG_WARN_INT_CONVERSION = YES;
				CLANG_WARN_OBJC_ROOT_CLASS = YES_ERROR;
				CLANG_WARN_SUSPICIOUS_MOVE = YES;
				CLANG_WARN_UNREACHABLE_CODE = YES;
				CLANG_WARN__DUPLICATE_METHOD_MATCH = YES;
				"CODE_SIGN_IDENTITY[sdk=iphoneos*]" = "iPhone Developer";
				COPY_PHASE_STRIP = NO;
				DEBUG_INFORMATION_FORMAT = "dwarf-with-dsym";
				ENABLE_NS_ASSERTIONS = NO;
				ENABLE_STRICT_OBJC_MSGSEND = YES;
				GCC_C_LANGUAGE_STANDARD = gnu99;
				GCC_NO_COMMON_BLOCKS = YES;
				GCC_WARN_64_TO_32_BIT_CONVERSION = YES;
				GCC_WARN_ABOUT_RETURN_TYPE = YES_ERROR;
				GCC_WARN_UNDECLARED_SELECTOR = YES;
				GCC_WARN_UNINITIALIZED_AUTOS = YES_AGGRESSIVE;
				GCC_WARN_UNUSED_FUNCTION = YES;
				GCC_WARN_UNUSED_VARIABLE = YES;
				IPHONEOS_DEPLOYMENT_TARGET = 10.3;
				MTL_ENABLE_DEBUG_INFO = NO;
				SDKROOT = iphoneos;
				SWIFT_OPTIMIZATION_LEVEL = "-Owholemodule";
				TARGETED_DEVICE_FAMILY = 2;
				VALIDATE_PRODUCT = YES;
			};
			name = Release;
		};
		C39EEE131F34A53A00537227 /* Debug */ = {
			isa = XCBuildConfiguration;
			buildSettings = {
				ASSETCATALOG_COMPILER_APPICON_NAME = AppIcon;
				DEVELOPMENT_TEAM = KZN79N89H3;
				INFOPLIST_FILE = "Mars Explorer/Info.plist";
				IPHONEOS_DEPLOYMENT_TARGET = 10.3;
				LD_RUNPATH_SEARCH_PATHS = "$(inherited) @executable_path/Frameworks";
				PRODUCT_BUNDLE_IDENTIFIER = "com.github.aahmedae.Mars-Explorer";
				PRODUCT_NAME = "$(TARGET_NAME)";
				SWIFT_VERSION = 3.0;
			};
			name = Debug;
		};
		C39EEE141F34A53A00537227 /* Release */ = {
			isa = XCBuildConfiguration;
			buildSettings = {
				ASSETCATALOG_COMPILER_APPICON_NAME = AppIcon;
				DEVELOPMENT_TEAM = KZN79N89H3;
				INFOPLIST_FILE = "Mars Explorer/Info.plist";
				IPHONEOS_DEPLOYMENT_TARGET = 10.3;
				LD_RUNPATH_SEARCH_PATHS = "$(inherited) @executable_path/Frameworks";
				PRODUCT_BUNDLE_IDENTIFIER = "com.github.aahmedae.Mars-Explorer";
				PRODUCT_NAME = "$(TARGET_NAME)";
				SWIFT_VERSION = 3.0;
			};
			name = Release;
		};
		C39EEE161F34A53A00537227 /* Debug */ = {
			isa = XCBuildConfiguration;
			buildSettings = {
				ALWAYS_EMBED_SWIFT_STANDARD_LIBRARIES = YES;
				BUNDLE_LOADER = "$(TEST_HOST)";
				DEVELOPMENT_TEAM = KZN79N89H3;
				INFOPLIST_FILE = "Mars ExplorerTests/Info.plist";
				LD_RUNPATH_SEARCH_PATHS = "$(inherited) @executable_path/Frameworks @loader_path/Frameworks";
				PRODUCT_BUNDLE_IDENTIFIER = "com.github.aahmedae.Mars-ExplorerTests";
				PRODUCT_NAME = "$(TARGET_NAME)";
				SWIFT_VERSION = 3.0;
				TEST_HOST = "$(BUILT_PRODUCTS_DIR)/Mars Explorer.app/Mars Explorer";
			};
			name = Debug;
		};
		C39EEE171F34A53A00537227 /* Release */ = {
			isa = XCBuildConfiguration;
			buildSettings = {
				ALWAYS_EMBED_SWIFT_STANDARD_LIBRARIES = YES;
				BUNDLE_LOADER = "$(TEST_HOST)";
				DEVELOPMENT_TEAM = KZN79N89H3;
				INFOPLIST_FILE = "Mars ExplorerTests/Info.plist";
				LD_RUNPATH_SEARCH_PATHS = "$(inherited) @executable_path/Frameworks @loader_path/Frameworks";
				PRODUCT_BUNDLE_IDENTIFIER = "com.github.aahmedae.Mars-ExplorerTests";
				PRODUCT_NAME = "$(TARGET_NAME)";
				SWIFT_VERSION = 3.0;
				TEST_HOST = "$(BUILT_PRODUCTS_DIR)/Mars Explorer.app/Mars Explorer";
			};
			name = Release;
		};
		C39EEE191F34A53A00537227 /* Debug */ = {
			isa = XCBuildConfiguration;
			buildSettings = {
				ALWAYS_EMBED_SWIFT_STANDARD_LIBRARIES = YES;
				DEVELOPMENT_TEAM = KZN79N89H3;
				INFOPLIST_FILE = "Mars ExplorerUITests/Info.plist";
				LD_RUNPATH_SEARCH_PATHS = "$(inherited) @executable_path/Frameworks @loader_path/Frameworks";
				PRODUCT_BUNDLE_IDENTIFIER = "com.github.aahmedae.Mars-ExplorerUITests";
				PRODUCT_NAME = "$(TARGET_NAME)";
				SWIFT_VERSION = 3.0;
				TEST_TARGET_NAME = "Mars Explorer";
			};
			name = Debug;
		};
		C39EEE1A1F34A53A00537227 /* Release */ = {
			isa = XCBuildConfiguration;
			buildSettings = {
				ALWAYS_EMBED_SWIFT_STANDARD_LIBRARIES = YES;
				DEVELOPMENT_TEAM = KZN79N89H3;
				INFOPLIST_FILE = "Mars ExplorerUITests/Info.plist";
				LD_RUNPATH_SEARCH_PATHS = "$(inherited) @executable_path/Frameworks @loader_path/Frameworks";
				PRODUCT_BUNDLE_IDENTIFIER = "com.github.aahmedae.Mars-ExplorerUITests";
				PRODUCT_NAME = "$(TARGET_NAME)";
				SWIFT_VERSION = 3.0;
				TEST_TARGET_NAME = "Mars Explorer";
			};
			name = Release;
		};
/* End XCBuildConfiguration section */

/* Begin XCConfigurationList section */
		C39EEDE31F34A53A00537227 /* Build configuration list for PBXProject "Mars Explorer" */ = {
			isa = XCConfigurationList;
			buildConfigurations = (
				C39EEE101F34A53A00537227 /* Debug */,
				C39EEE111F34A53A00537227 /* Release */,
			);
			defaultConfigurationIsVisible = 0;
			defaultConfigurationName = Release;
		};
		C39EEE121F34A53A00537227 /* Build configuration list for PBXNativeTarget "Mars Explorer" */ = {
			isa = XCConfigurationList;
			buildConfigurations = (
				C39EEE131F34A53A00537227 /* Debug */,
				C39EEE141F34A53A00537227 /* Release */,
			);
			defaultConfigurationIsVisible = 0;
			defaultConfigurationName = Release;
		};
		C39EEE151F34A53A00537227 /* Build configuration list for PBXNativeTarget "Mars ExplorerTests" */ = {
			isa = XCConfigurationList;
			buildConfigurations = (
				C39EEE161F34A53A00537227 /* Debug */,
				C39EEE171F34A53A00537227 /* Release */,
			);
			defaultConfigurationIsVisible = 0;
			defaultConfigurationName = Release;
		};
		C39EEE181F34A53A00537227 /* Build configuration list for PBXNativeTarget "Mars ExplorerUITests" */ = {
			isa = XCConfigurationList;
			buildConfigurations = (
				C39EEE191F34A53A00537227 /* Debug */,
				C39EEE1A1F34A53A00537227 /* Release */,
			);
			defaultConfigurationIsVisible = 0;
			defaultConfigurationName = Release;
		};
/* End XCConfigurationList section */
	};
	rootObject = C39EEDE01F34A53A00537227 /* Project object */;
}
